
Microsoft Visual Studio Solution File, Format Version 12.00
# Visual Studio Version 17
VisualStudioVersion = 17.5.33516.290
MinimumVisualStudioVersion = 10.0.40219.1
Project("{8BC9CEB8-8B4A-11D0-8D11-00A0C91BC942}") = "Sandbox", "Sandbox\Sandbox.vcxproj", "{CFE4B2FB-ABB0-4004-9BAE-68C4CF688AB5}"
EndProject
Project("{8BC9CEB8-8B4A-11D0-8D11-00A0C91BC942}") = "PIEngine", "PIEngine\PIEngine.vcxproj", "{9FDB8DA7-739A-4AF1-AC74-F91BBBC576FC}"
EndProject
Global
	GlobalSection(SolutionConfigurationPlatforms) = preSolution
		Debug|x64 = Debug|x64
		Release|x64 = Release|x64
	EndGlobalSection
	GlobalSection(ProjectConfigurationPlatforms) = postSolution
		{CFE4B2FB-ABB0-4004-9BAE-68C4CF688AB5}.Debug|x64.ActiveCfg = Debug|x64
		{CFE4B2FB-ABB0-4004-9BAE-68C4CF688AB5}.Debug|x64.Build.0 = Debug|x64
		{CFE4B2FB-ABB0-4004-9BAE-68C4CF688AB5}.Release|x64.ActiveCfg = Release|x64
		{CFE4B2FB-ABB0-4004-9BAE-68C4CF688AB5}.Release|x64.Build.0 = Release|x64
		{9FDB8DA7-739A-4AF1-AC74-F91BBBC576FC}.Debug|x64.ActiveCfg = Debug|x64
		{9FDB8DA7-739A-4AF1-AC74-F91BBBC576FC}.Debug|x64.Build.0 = Debug|x64
		{9FDB8DA7-739A-4AF1-AC74-F91BBBC576FC}.Release|x64.ActiveCfg = Release|x64
		{9FDB8DA7-739A-4AF1-AC74-F91BBBC576FC}.Release|x64.Build.0 = Release|x64
	EndGlobalSection
	GlobalSection(SolutionProperties) = preSolution
		HideSolutionNode = FALSE
	EndGlobalSection
	GlobalSection(ExtensibilityGlobals) = postSolution
		SolutionGuid = {62683518-D4DF-4F50-BC41-55DE11AD1399}
	EndGlobalSection
EndGlobal
