<?xml version="1.0" encoding="utf-8"?>
<Project ToolsVersion="4.0" xmlns="http://schemas.microsoft.com/developer/msbuild/2003">
  <ItemGroup>
    <Filter Include="PIEngine">
      <UniqueIdentifier>{74E695EC-60B3-F0F7-89CC-DE9F75F82586}</UniqueIdentifier>
    </Filter>
    <Filter Include="PIEngine\Events">
      <UniqueIdentifier>{D8478151-44D3-EE15-4DE4-710AB9EE4A16}</UniqueIdentifier>
    </Filter>
  </ItemGroup>
  <ItemGroup>
    <ClInclude Include="src\PIEngine.h" />
    <ClInclude Include="src\PIEngine\Application.h">
      <Filter>PIEngine</Filter>
    </ClInclude>
    <ClInclude Include="src\PIEngine\Core.h">
      <Filter>PIEngine</Filter>
    </ClInclude>
    <ClInclude Include="src\PIEngine\EntryPoint.h">
      <Filter>PIEngine</Filter>
    </ClInclude>
    <ClInclude Include="src\PIEngine\Events\ApplicationEvent.h">
      <Filter>PIEngine\Events</Filter>
    </ClInclude>
    <ClInclude Include="src\PIEngine\Events\Event.h">
      <Filter>PIEngine\Events</Filter>
    </ClInclude>
    <ClInclude Include="src\PIEngine\Events\KeyEvent.h">
      <Filter>PIEngine\Events</Filter>
    </ClInclude>
    <ClInclude Include="src\PIEngine\Events\MouseEvent.h">
      <Filter>PIEngine\Events</Filter>
    </ClInclude>
    <ClInclude Include="src\PIEngine\Log.h">
      <Filter>PIEngine</Filter>
    </ClInclude>
  </ItemGroup>
  <ItemGroup>
    <ClCompile Include="src\PIEngine\Application.cpp">
      <Filter>PIEngine</Filter>
    </ClCompile>
    <ClCompile Include="src\PIEngine\Log.cpp">
      <Filter>PIEngine</Filter>
    </ClCompile>
  </ItemGroup>
</Project>